
Microsoft Visual Studio Solution File, Format Version 12.00
# Visual Studio Version 17
VisualStudioVersion = 17.5.33627.172
MinimumVisualStudioVersion = 10.0.40219.1
Project("{8BC9CEB8-8B4A-11D0-8D11-00A0C91BC942}") = "Quebrados con TDA", "Quebrados con TDA\Quebrados con TDA.vcxproj", "{751224D7-F7C7-43F1-82F4-B64810A69A9B}"
EndProject
Global
	GlobalSection(SolutionConfigurationPlatforms) = preSolution
		Debug|x64 = Debug|x64
		Debug|x86 = Debug|x86
		Release|x64 = Release|x64
		Release|x86 = Release|x86
	EndGlobalSection
	GlobalSection(ProjectConfigurationPlatforms) = postSolution
		{751224D7-F7C7-43F1-82F4-B64810A69A9B}.Debug|x64.ActiveCfg = Debug|x64
		{751224D7-F7C7-43F1-82F4-B64810A69A9B}.Debug|x64.Build.0 = Debug|x64
		{751224D7-F7C7-43F1-82F4-B64810A69A9B}.Debug|x86.ActiveCfg = Debug|Win32
		{751224D7-F7C7-43F1-82F4-B64810A69A9B}.Debug|x86.Build.0 = Debug|Win32
		{751224D7-F7C7-43F1-82F4-B64810A69A9B}.Release|x64.ActiveCfg = Release|x64
		{751224D7-F7C7-43F1-82F4-B64810A69A9B}.Release|x64.Build.0 = Release|x64
		{751224D7-F7C7-43F1-82F4-B64810A69A9B}.Release|x86.ActiveCfg = Release|Win32
		{751224D7-F7C7-43F1-82F4-B64810A69A9B}.Release|x86.Build.0 = Release|Win32
	EndGlobalSection
	GlobalSection(SolutionProperties) = preSolution
		HideSolutionNode = FALSE
	EndGlobalSection
	GlobalSection(ExtensibilityGlobals) = postSolution
		SolutionGuid = {97888B37-9511-46E2-98AB-F46F62F505BF}
	EndGlobalSection
EndGlobal
